// !$*UTF8*$!
{
	archiveVersion = 1;
	classes = {
	};
	objectVersion = 46;
	objects = {

/* Begin PBXBuildFile section */
		5590FAA876DF7B208BEBF227 /* libPods-SlowlyCartoon.a in Frameworks */ = {isa = PBXBuildFile; fileRef = 8CDD0D703CB6689FBA111C7C /* libPods-SlowlyCartoon.a */; };
		D6217E181D38E6A200CB6130 /* SingleFriendManager.m in Sources */ = {isa = PBXBuildFile; fileRef = D6217E171D38E6A200CB6130 /* SingleFriendManager.m */; };
		D6217E1B1D38E77000CB6130 /* Friends.storyboard in Resources */ = {isa = PBXBuildFile; fileRef = D6217E1A1D38E77000CB6130 /* Friends.storyboard */; };
		D6217E1E1D38E80600CB6130 /* ChatViewController.m in Sources */ = {isa = PBXBuildFile; fileRef = D6217E1D1D38E80600CB6130 /* ChatViewController.m */; };
		D6217E231D38F23B00CB6130 /* biaoqing.png in Resources */ = {isa = PBXBuildFile; fileRef = D6217E201D38F23B00CB6130 /* biaoqing.png */; };
		D6217E241D38F23B00CB6130 /* tianjia.png in Resources */ = {isa = PBXBuildFile; fileRef = D6217E211D38F23B00CB6130 /* tianjia.png */; };
		D6217E251D38F23B00CB6130 /* yuyin2.png in Resources */ = {isa = PBXBuildFile; fileRef = D6217E221D38F23B00CB6130 /* yuyin2.png */; };
		D6217E291D38FBA000CB6130 /* beijing2.jpg in Resources */ = {isa = PBXBuildFile; fileRef = D6217E281D38FBA000CB6130 /* beijing2.jpg */; };
		D6217E2B1D38FC8300CB6130 /* beijing.jpg in Resources */ = {isa = PBXBuildFile; fileRef = D6217E2A1D38FC8300CB6130 /* beijing.jpg */; };
		D6217E321D39215600CB6130 /* TextCellOfMine.m in Sources */ = {isa = PBXBuildFile; fileRef = D6217E301D39215600CB6130 /* TextCellOfMine.m */; };
		D6217E331D39215600CB6130 /* TextCellOfMine.xib in Resources */ = {isa = PBXBuildFile; fileRef = D6217E311D39215600CB6130 /* TextCellOfMine.xib */; };
		D627E6951D38D18F00D36EDB /* OneTableViewCell.m in Sources */ = {isa = PBXBuildFile; fileRef = D627E6931D38D18F00D36EDB /* OneTableViewCell.m */; };
		D627E6961D38D18F00D36EDB /* OneTableViewCell.xib in Resources */ = {isa = PBXBuildFile; fileRef = D627E6941D38D18F00D36EDB /* OneTableViewCell.xib */; };
		D627E69A1D390BDF00D36EDB /* LastCollectionViewCell.m in Sources */ = {isa = PBXBuildFile; fileRef = D627E6981D390BDF00D36EDB /* LastCollectionViewCell.m */; };
		D627E69B1D390BDF00D36EDB /* LastCollectionViewCell.xib in Resources */ = {isa = PBXBuildFile; fileRef = D627E6991D390BDF00D36EDB /* LastCollectionViewCell.xib */; };
		D6284A371D3876A400232F2D /* RegisterViewController.m in Sources */ = {isa = PBXBuildFile; fileRef = D6284A361D3876A400232F2D /* RegisterViewController.m */; };
		D6284A411D38D6BF00232F2D /* MineSettingTableViewCell.m in Sources */ = {isa = PBXBuildFile; fileRef = D6284A3F1D38D6BF00232F2D /* MineSettingTableViewCell.m */; };
		D6284A421D38D6BF00232F2D /* MineSettingTableViewCell.xib in Resources */ = {isa = PBXBuildFile; fileRef = D6284A401D38D6BF00232F2D /* MineSettingTableViewCell.xib */; };
		D6284A461D3919FC00232F2D /* AboutUsTableViewCell.m in Sources */ = {isa = PBXBuildFile; fileRef = D6284A441D3919FC00232F2D /* AboutUsTableViewCell.m */; };
		D6284A471D3919FC00232F2D /* AboutUsTableViewCell.xib in Resources */ = {isa = PBXBuildFile; fileRef = D6284A451D3919FC00232F2D /* AboutUsTableViewCell.xib */; };
		D6284A4F1D3927CE00232F2D /* MineMessageViewController.m in Sources */ = {isa = PBXBuildFile; fileRef = D6284A4E1D3927CE00232F2D /* MineMessageViewController.m */; };
		D6284A521D392AE900232F2D /* OpinionViewController.m in Sources */ = {isa = PBXBuildFile; fileRef = D6284A511D392AE900232F2D /* OpinionViewController.m */; };
		D6284A551D3931A100232F2D /* MIneDetailViewController.m in Sources */ = {isa = PBXBuildFile; fileRef = D6284A541D3931A100232F2D /* MIneDetailViewController.m */; };
		D63A16621D39DB7800C30EFE /* WebViewController.m in Sources */ = {isa = PBXBuildFile; fileRef = D63A16611D39DB7800C30EFE /* WebViewController.m */; };
		D64F38151D3B80D500686849 /* ImageCellOfMine.m in Sources */ = {isa = PBXBuildFile; fileRef = D64F38131D3B80D500686849 /* ImageCellOfMine.m */; };
		D64F38161D3B80D500686849 /* ImageCellOfMine.xib in Resources */ = {isa = PBXBuildFile; fileRef = D64F38141D3B80D500686849 /* ImageCellOfMine.xib */; };
		D64F381A1D3B830A00686849 /* ImageCellOfFriends.m in Sources */ = {isa = PBXBuildFile; fileRef = D64F38181D3B830A00686849 /* ImageCellOfFriends.m */; };
		D64F381B1D3B830A00686849 /* ImageCellOfFriends.xib in Resources */ = {isa = PBXBuildFile; fileRef = D64F38191D3B830A00686849 /* ImageCellOfFriends.xib */; };
		D658047F1D39C2B2000650EA /* TextCellOfFriends.m in Sources */ = {isa = PBXBuildFile; fileRef = D658047D1D39C2B2000650EA /* TextCellOfFriends.m */; };
		D65804801D39C2B2000650EA /* TextCellOfFriends.xib in Resources */ = {isa = PBXBuildFile; fileRef = D658047E1D39C2B2000650EA /* TextCellOfFriends.xib */; };
		D65804831D39D96A000650EA /* chatFriends.png in Resources */ = {isa = PBXBuildFile; fileRef = D65804811D39D96A000650EA /* chatFriends.png */; };
		D65804841D39D96A000650EA /* chatMine.png in Resources */ = {isa = PBXBuildFile; fileRef = D65804821D39D96A000650EA /* chatMine.png */; };
		D65804871D3A1C2D000650EA /* customView.m in Sources */ = {isa = PBXBuildFile; fileRef = D65804861D3A1C2D000650EA /* customView.m */; };
		D658048F1D3A5631000650EA /* xiaoshipin.png in Resources */ = {isa = PBXBuildFile; fileRef = D65804881D3A5631000650EA /* xiaoshipin.png */; };
		D65804901D3A5631000650EA /* weizhi.png in Resources */ = {isa = PBXBuildFile; fileRef = D65804891D3A5631000650EA /* weizhi.png */; };
		D65804911D3A5631000650EA /* shipin.png in Resources */ = {isa = PBXBuildFile; fileRef = D658048A1D3A5631000650EA /* shipin.png */; };
		D65804921D3A5631000650EA /* mingpian.png in Resources */ = {isa = PBXBuildFile; fileRef = D658048B1D3A5631000650EA /* mingpian.png */; };
		D65804931D3A5631000650EA /* shoucang.png in Resources */ = {isa = PBXBuildFile; fileRef = D658048C1D3A5631000650EA /* shoucang.png */; };
		D65804941D3A5631000650EA /* zhuanzhang.png in Resources */ = {isa = PBXBuildFile; fileRef = D658048D1D3A5631000650EA /* zhuanzhang.png */; };
		D65804951D3A5631000650EA /* tupian.png in Resources */ = {isa = PBXBuildFile; fileRef = D658048E1D3A5631000650EA /* tupian.png */; };
		D65804971D3A5C89000650EA /* luyin.png in Resources */ = {isa = PBXBuildFile; fileRef = D65804961D3A5C89000650EA /* luyin.png */; };
		D658049B1D3A5D3F000650EA /* CustomCollectionViewCell.m in Sources */ = {isa = PBXBuildFile; fileRef = D65804991D3A5D3F000650EA /* CustomCollectionViewCell.m */; };
		D658049C1D3A5D3F000650EA /* CustomCollectionViewCell.xib in Resources */ = {isa = PBXBuildFile; fileRef = D658049A1D3A5D3F000650EA /* CustomCollectionViewCell.xib */; };
		D68CFF2B1D37418400DA832F /* LoginViewController.m in Sources */ = {isa = PBXBuildFile; fileRef = D68CFF2A1D37418400DA832F /* LoginViewController.m */; };
		D68CFF2D1D37419600DA832F /* Mine.storyboard in Resources */ = {isa = PBXBuildFile; fileRef = D68CFF2C1D37419600DA832F /* Mine.storyboard */; };
		D68CFF301D3773B200DA832F /* passBg.png in Resources */ = {isa = PBXBuildFile; fileRef = D68CFF2E1D3773B200DA832F /* passBg.png */; };
		D68CFF311D3773B200DA832F /* userBg.png in Resources */ = {isa = PBXBuildFile; fileRef = D68CFF2F1D3773B200DA832F /* userBg.png */; };
		D68CFF331D3779BB00DA832F /* userDefault.png in Resources */ = {isa = PBXBuildFile; fileRef = D68CFF321D3779BB00DA832F /* userDefault.png */; };
		D68CFF361D377B9700DA832F /* SettingViewController.m in Sources */ = {isa = PBXBuildFile; fileRef = D68CFF351D377B9700DA832F /* SettingViewController.m */; };
		D68CFF391D3781AC00DA832F /* ContactViewController.m in Sources */ = {isa = PBXBuildFile; fileRef = D68CFF381D3781AC00DA832F /* ContactViewController.m */; };
		D68CFF3C1D37866700DA832F /* AboutUsViewController.m in Sources */ = {isa = PBXBuildFile; fileRef = D68CFF3B1D37866700DA832F /* AboutUsViewController.m */; };
		D68CFF401D37956100DA832F /* MineTableViewCell.m in Sources */ = {isa = PBXBuildFile; fileRef = D68CFF3E1D37956100DA832F /* MineTableViewCell.m */; };
		D68CFF411D37956100DA832F /* MineTableViewCell.xib in Resources */ = {isa = PBXBuildFile; fileRef = D68CFF3F1D37956100DA832F /* MineTableViewCell.xib */; };
		D68CFF471D37970C00DA832F /* aboutUs.png in Resources */ = {isa = PBXBuildFile; fileRef = D68CFF421D37970C00DA832F /* aboutUs.png */; };
		D68CFF481D37970C00DA832F /* contact.png in Resources */ = {isa = PBXBuildFile; fileRef = D68CFF431D37970C00DA832F /* contact.png */; };
		D68CFF491D37970C00DA832F /* mineMessage.png in Resources */ = {isa = PBXBuildFile; fileRef = D68CFF441D37970C00DA832F /* mineMessage.png */; };
		D68CFF4A1D37970C00DA832F /* opinion.png in Resources */ = {isa = PBXBuildFile; fileRef = D68CFF451D37970C00DA832F /* opinion.png */; };
		D68CFF4B1D37970C00DA832F /* setting.png in Resources */ = {isa = PBXBuildFile; fileRef = D68CFF461D37970C00DA832F /* setting.png */; };
		D68CFF4D1D379BC100DA832F /* jiantou.png in Resources */ = {isa = PBXBuildFile; fileRef = D68CFF4C1D379BC100DA832F /* jiantou.png */; };
		D68CFF511D37AAFF00DA832F /* MineHeaderViewCell.m in Sources */ = {isa = PBXBuildFile; fileRef = D68CFF4F1D37AAFF00DA832F /* MineHeaderViewCell.m */; };
		D68CFF521D37AAFF00DA832F /* MineHeaderViewCell.xib in Resources */ = {isa = PBXBuildFile; fileRef = D68CFF501D37AAFF00DA832F /* MineHeaderViewCell.xib */; };
		D68CFF541D37AD6000DA832F /* avator.png in Resources */ = {isa = PBXBuildFile; fileRef = D68CFF531D37AD6000DA832F /* avator.png */; };
		D691F59F1D366B1E004359E1 /* main.m in Sources */ = {isa = PBXBuildFile; fileRef = D691F59E1D366B1E004359E1 /* main.m */; };
		D691F5A21D366B1E004359E1 /* AppDelegate.m in Sources */ = {isa = PBXBuildFile; fileRef = D691F5A11D366B1E004359E1 /* AppDelegate.m */; };
		D691F5AA1D366B1E004359E1 /* Assets.xcassets in Resources */ = {isa = PBXBuildFile; fileRef = D691F5A91D366B1E004359E1 /* Assets.xcassets */; };
		D691F5B81D366B1E004359E1 /* SlowlyCartoonTests.m in Sources */ = {isa = PBXBuildFile; fileRef = D691F5B71D366B1E004359E1 /* SlowlyCartoonTests.m */; };
		D691F5DC1D366DAC004359E1 /* RootViewController.m in Sources */ = {isa = PBXBuildFile; fileRef = D691F5DB1D366DAC004359E1 /* RootViewController.m */; };
		D691F5EF1D366FAA004359E1 /* HomeViewController.m in Sources */ = {isa = PBXBuildFile; fileRef = D691F5EE1D366FAA004359E1 /* HomeViewController.m */; };
		D691F5F21D366FB6004359E1 /* FriendViewController.m in Sources */ = {isa = PBXBuildFile; fileRef = D691F5F11D366FB6004359E1 /* FriendViewController.m */; };
		D691F5F51D366FD9004359E1 /* CommunityViewController.m in Sources */ = {isa = PBXBuildFile; fileRef = D691F5F41D366FD9004359E1 /* CommunityViewController.m */; };
		D691F5F81D366FF9004359E1 /* MineViewController.m in Sources */ = {isa = PBXBuildFile; fileRef = D691F5F71D366FF9004359E1 /* MineViewController.m */; };
		D6A449C41D37242A0096830F /* tabbar_game@2x.png in Resources */ = {isa = PBXBuildFile; fileRef = D6A449BC1D37242A0096830F /* tabbar_game@2x.png */; };
		D6A449C51D37242A0096830F /* tabbar_game_sel@2x.png in Resources */ = {isa = PBXBuildFile; fileRef = D6A449BD1D37242A0096830F /* tabbar_game_sel@2x.png */; };
		D6A449C61D37242A0096830F /* tabbar_home@2x.png in Resources */ = {isa = PBXBuildFile; fileRef = D6A449BE1D37242A0096830F /* tabbar_home@2x.png */; };
		D6A449C71D37242A0096830F /* tabbar_home_sel@2x.png in Resources */ = {isa = PBXBuildFile; fileRef = D6A449BF1D37242A0096830F /* tabbar_home_sel@2x.png */; };
		D6A449C81D37242A0096830F /* tabbar_me@2x.png in Resources */ = {isa = PBXBuildFile; fileRef = D6A449C01D37242A0096830F /* tabbar_me@2x.png */; };
		D6A449C91D37242A0096830F /* tabbar_me_sel@2x.png in Resources */ = {isa = PBXBuildFile; fileRef = D6A449C11D37242A0096830F /* tabbar_me_sel@2x.png */; };
		D6A449CA1D37242A0096830F /* tabbar_room@2x.png in Resources */ = {isa = PBXBuildFile; fileRef = D6A449C21D37242A0096830F /* tabbar_room@2x.png */; };
		D6A449CB1D37242A0096830F /* tabbar_room_sel@2x.png in Resources */ = {isa = PBXBuildFile; fileRef = D6A449C31D37242A0096830F /* tabbar_room_sel@2x.png */; };
		D6A591101D3724F200CE6820 /* RecommendViewController.m in Sources */ = {isa = PBXBuildFile; fileRef = D6A5910F1D3724F200CE6820 /* RecommendViewController.m */; };
		D6A591131D37250100CE6820 /* HigtenerViewController.m in Sources */ = {isa = PBXBuildFile; fileRef = D6A591121D37250100CE6820 /* HigtenerViewController.m */; };
		D6A591161D37250F00CE6820 /* RankListViewController.m in Sources */ = {isa = PBXBuildFile; fileRef = D6A591151D37250F00CE6820 /* RankListViewController.m */; };
		D6A5911A1D3793D000CE6820 /* BaseRequest.m in Sources */ = {isa = PBXBuildFile; fileRef = D6A591191D3793D000CE6820 /* BaseRequest.m */; };
		D6A5911D1D37944500CE6820 /* NetWorkRequest.m in Sources */ = {isa = PBXBuildFile; fileRef = D6A5911C1D37944500CE6820 /* NetWorkRequest.m */; };
		D6A591201D37954000CE6820 /* RecommendRequest.m in Sources */ = {isa = PBXBuildFile; fileRef = D6A5911F1D37954000CE6820 /* RecommendRequest.m */; };
		D6A591251D37A98300CE6820 /* firstScrollViewModel.m in Sources */ = {isa = PBXBuildFile; fileRef = D6A591241D37A98300CE6820 /* firstScrollViewModel.m */; };
		D6A591281D37A9B400CE6820 /* oneTableViewModel.m in Sources */ = {isa = PBXBuildFile; fileRef = D6A591271D37A9B400CE6820 /* oneTableViewModel.m */; };
		D6A5912B1D37A9CA00CE6820 /* itemizeScrollViewModel.m in Sources */ = {isa = PBXBuildFile; fileRef = D6A5912A1D37A9CA00CE6820 /* itemizeScrollViewModel.m */; };
		D6A5912E1D37A9DE00CE6820 /* lastCollectionViewModel.m in Sources */ = {isa = PBXBuildFile; fileRef = D6A5912D1D37A9DE00CE6820 /* lastCollectionViewModel.m */; };
/* End PBXBuildFile section */

/* Begin PBXContainerItemProxy section */
		D691F5B41D366B1E004359E1 /* PBXContainerItemProxy */ = {
			isa = PBXContainerItemProxy;
			containerPortal = D691F5921D366B1E004359E1 /* Project object */;
			proxyType = 1;
			remoteGlobalIDString = D691F5991D366B1E004359E1;
			remoteInfo = SlowlyCartoon;
		};
/* End PBXContainerItemProxy section */

/* Begin PBXFileReference section */
		32EDB3DEBD10205B15F75EDD /* Pods-SlowlyCartoon.release.xcconfig */ = {isa = PBXFileReference; includeInIndex = 1; lastKnownFileType = text.xcconfig; name = "Pods-SlowlyCartoon.release.xcconfig"; path = "Pods/Target Support Files/Pods-SlowlyCartoon/Pods-SlowlyCartoon.release.xcconfig"; sourceTree = "<group>"; };
		8CDD0D703CB6689FBA111C7C /* libPods-SlowlyCartoon.a */ = {isa = PBXFileReference; explicitFileType = archive.ar; includeInIndex = 0; path = "libPods-SlowlyCartoon.a"; sourceTree = BUILT_PRODUCTS_DIR; };
		95A19F71A08A3775341A08C7 /* Pods-SlowlyCartoon.debug.xcconfig */ = {isa = PBXFileReference; includeInIndex = 1; lastKnownFileType = text.xcconfig; name = "Pods-SlowlyCartoon.debug.xcconfig"; path = "Pods/Target Support Files/Pods-SlowlyCartoon/Pods-SlowlyCartoon.debug.xcconfig"; sourceTree = "<group>"; };
		D6217E161D38E6A200CB6130 /* SingleFriendManager.h */ = {isa = PBXFileReference; fileEncoding = 4; lastKnownFileType = sourcecode.c.h; path = SingleFriendManager.h; sourceTree = "<group>"; };
		D6217E171D38E6A200CB6130 /* SingleFriendManager.m */ = {isa = PBXFileReference; fileEncoding = 4; lastKnownFileType = sourcecode.c.objc; path = SingleFriendManager.m; sourceTree = "<group>"; };
		D6217E1A1D38E77000CB6130 /* Friends.storyboard */ = {isa = PBXFileReference; fileEncoding = 4; lastKnownFileType = file.storyboard; path = Friends.storyboard; sourceTree = "<group>"; };
		D6217E1C1D38E80600CB6130 /* ChatViewController.h */ = {isa = PBXFileReference; fileEncoding = 4; lastKnownFileType = sourcecode.c.h; path = ChatViewController.h; sourceTree = "<group>"; };
		D6217E1D1D38E80600CB6130 /* ChatViewController.m */ = {isa = PBXFileReference; fileEncoding = 4; lastKnownFileType = sourcecode.c.objc; path = ChatViewController.m; sourceTree = "<group>"; };
		D6217E201D38F23B00CB6130 /* biaoqing.png */ = {isa = PBXFileReference; lastKnownFileType = image.png; path = biaoqing.png; sourceTree = "<group>"; };
		D6217E211D38F23B00CB6130 /* tianjia.png */ = {isa = PBXFileReference; lastKnownFileType = image.png; path = tianjia.png; sourceTree = "<group>"; };
		D6217E221D38F23B00CB6130 /* yuyin2.png */ = {isa = PBXFileReference; lastKnownFileType = image.png; path = yuyin2.png; sourceTree = "<group>"; };
		D6217E281D38FBA000CB6130 /* beijing2.jpg */ = {isa = PBXFileReference; lastKnownFileType = image.jpeg; path = beijing2.jpg; sourceTree = "<group>"; };
		D6217E2A1D38FC8300CB6130 /* beijing.jpg */ = {isa = PBXFileReference; lastKnownFileType = image.jpeg; path = beijing.jpg; sourceTree = "<group>"; };
		D6217E2F1D39215600CB6130 /* TextCellOfMine.h */ = {isa = PBXFileReference; fileEncoding = 4; lastKnownFileType = sourcecode.c.h; path = TextCellOfMine.h; sourceTree = "<group>"; };
		D6217E301D39215600CB6130 /* TextCellOfMine.m */ = {isa = PBXFileReference; fileEncoding = 4; lastKnownFileType = sourcecode.c.objc; path = TextCellOfMine.m; sourceTree = "<group>"; };
		D6217E311D39215600CB6130 /* TextCellOfMine.xib */ = {isa = PBXFileReference; fileEncoding = 4; lastKnownFileType = file.xib; path = TextCellOfMine.xib; sourceTree = "<group>"; };
		D627E6921D38D18F00D36EDB /* OneTableViewCell.h */ = {isa = PBXFileReference; fileEncoding = 4; lastKnownFileType = sourcecode.c.h; name = OneTableViewCell.h; path = "SlowlyCartoon/Classes/Home(主页)/OneTableViewCell.h"; sourceTree = SOURCE_ROOT; };
		D627E6931D38D18F00D36EDB /* OneTableViewCell.m */ = {isa = PBXFileReference; fileEncoding = 4; lastKnownFileType = sourcecode.c.objc; name = OneTableViewCell.m; path = "SlowlyCartoon/Classes/Home(主页)/OneTableViewCell.m"; sourceTree = SOURCE_ROOT; };
		D627E6941D38D18F00D36EDB /* OneTableViewCell.xib */ = {isa = PBXFileReference; fileEncoding = 4; lastKnownFileType = file.xib; name = OneTableViewCell.xib; path = "SlowlyCartoon/Classes/Home(主页)/OneTableViewCell.xib"; sourceTree = SOURCE_ROOT; };
		D627E6971D390BDF00D36EDB /* LastCollectionViewCell.h */ = {isa = PBXFileReference; fileEncoding = 4; lastKnownFileType = sourcecode.c.h; name = LastCollectionViewCell.h; path = "SlowlyCartoon/Classes/Home(主页)/LastCollectionViewCell.h"; sourceTree = SOURCE_ROOT; };
		D627E6981D390BDF00D36EDB /* LastCollectionViewCell.m */ = {isa = PBXFileReference; fileEncoding = 4; lastKnownFileType = sourcecode.c.objc; name = LastCollectionViewCell.m; path = "SlowlyCartoon/Classes/Home(主页)/LastCollectionViewCell.m"; sourceTree = SOURCE_ROOT; };
		D627E6991D390BDF00D36EDB /* LastCollectionViewCell.xib */ = {isa = PBXFileReference; fileEncoding = 4; lastKnownFileType = file.xib; name = LastCollectionViewCell.xib; path = "SlowlyCartoon/Classes/Home(主页)/LastCollectionViewCell.xib"; sourceTree = SOURCE_ROOT; };
		D6284A351D3876A400232F2D /* RegisterViewController.h */ = {isa = PBXFileReference; fileEncoding = 4; lastKnownFileType = sourcecode.c.h; path = RegisterViewController.h; sourceTree = "<group>"; };
		D6284A361D3876A400232F2D /* RegisterViewController.m */ = {isa = PBXFileReference; fileEncoding = 4; lastKnownFileType = sourcecode.c.objc; path = RegisterViewController.m; sourceTree = "<group>"; };
		D6284A3E1D38D6BF00232F2D /* MineSettingTableViewCell.h */ = {isa = PBXFileReference; fileEncoding = 4; lastKnownFileType = sourcecode.c.h; name = MineSettingTableViewCell.h; path = "SlowlyCartoon/Classes/Mine(个人中心)/Controller/MineSettingTableViewCell.h"; sourceTree = SOURCE_ROOT; };
		D6284A3F1D38D6BF00232F2D /* MineSettingTableViewCell.m */ = {isa = PBXFileReference; fileEncoding = 4; lastKnownFileType = sourcecode.c.objc; name = MineSettingTableViewCell.m; path = "SlowlyCartoon/Classes/Mine(个人中心)/Controller/MineSettingTableViewCell.m"; sourceTree = SOURCE_ROOT; };
		D6284A401D38D6BF00232F2D /* MineSettingTableViewCell.xib */ = {isa = PBXFileReference; fileEncoding = 4; lastKnownFileType = file.xib; name = MineSettingTableViewCell.xib; path = "SlowlyCartoon/Classes/Mine(个人中心)/Controller/MineSettingTableViewCell.xib"; sourceTree = SOURCE_ROOT; };
		D6284A431D3919FC00232F2D /* AboutUsTableViewCell.h */ = {isa = PBXFileReference; fileEncoding = 4; lastKnownFileType = sourcecode.c.h; name = AboutUsTableViewCell.h; path = "SlowlyCartoon/Classes/Mine(个人中心)/Controller/AboutUsTableViewCell.h"; sourceTree = SOURCE_ROOT; };
		D6284A441D3919FC00232F2D /* AboutUsTableViewCell.m */ = {isa = PBXFileReference; fileEncoding = 4; lastKnownFileType = sourcecode.c.objc; name = AboutUsTableViewCell.m; path = "SlowlyCartoon/Classes/Mine(个人中心)/Controller/AboutUsTableViewCell.m"; sourceTree = SOURCE_ROOT; };
		D6284A451D3919FC00232F2D /* AboutUsTableViewCell.xib */ = {isa = PBXFileReference; fileEncoding = 4; lastKnownFileType = file.xib; name = AboutUsTableViewCell.xib; path = "SlowlyCartoon/Classes/Mine(个人中心)/Controller/AboutUsTableViewCell.xib"; sourceTree = SOURCE_ROOT; };
		D6284A4D1D3927CE00232F2D /* MineMessageViewController.h */ = {isa = PBXFileReference; fileEncoding = 4; lastKnownFileType = sourcecode.c.h; path = MineMessageViewController.h; sourceTree = "<group>"; };
		D6284A4E1D3927CE00232F2D /* MineMessageViewController.m */ = {isa = PBXFileReference; fileEncoding = 4; lastKnownFileType = sourcecode.c.objc; path = MineMessageViewController.m; sourceTree = "<group>"; };
		D6284A501D392AE900232F2D /* OpinionViewController.h */ = {isa = PBXFileReference; fileEncoding = 4; lastKnownFileType = sourcecode.c.h; path = OpinionViewController.h; sourceTree = "<group>"; };
		D6284A511D392AE900232F2D /* OpinionViewController.m */ = {isa = PBXFileReference; fileEncoding = 4; lastKnownFileType = sourcecode.c.objc; path = OpinionViewController.m; sourceTree = "<group>"; };
		D6284A531D3931A100232F2D /* MIneDetailViewController.h */ = {isa = PBXFileReference; fileEncoding = 4; lastKnownFileType = sourcecode.c.h; path = MIneDetailViewController.h; sourceTree = "<group>"; };
		D6284A541D3931A100232F2D /* MIneDetailViewController.m */ = {isa = PBXFileReference; fileEncoding = 4; lastKnownFileType = sourcecode.c.objc; path = MIneDetailViewController.m; sourceTree = "<group>"; };
		D63A16601D39DB7800C30EFE /* WebViewController.h */ = {isa = PBXFileReference; fileEncoding = 4; lastKnownFileType = sourcecode.c.h; path = WebViewController.h; sourceTree = "<group>"; };
		D63A16611D39DB7800C30EFE /* WebViewController.m */ = {isa = PBXFileReference; fileEncoding = 4; lastKnownFileType = sourcecode.c.objc; path = WebViewController.m; sourceTree = "<group>"; };
		D64F38121D3B80D500686849 /* ImageCellOfMine.h */ = {isa = PBXFileReference; fileEncoding = 4; lastKnownFileType = sourcecode.c.h; path = ImageCellOfMine.h; sourceTree = "<group>"; };
		D64F38131D3B80D500686849 /* ImageCellOfMine.m */ = {isa = PBXFileReference; fileEncoding = 4; lastKnownFileType = sourcecode.c.objc; path = ImageCellOfMine.m; sourceTree = "<group>"; };
		D64F38141D3B80D500686849 /* ImageCellOfMine.xib */ = {isa = PBXFileReference; fileEncoding = 4; lastKnownFileType = file.xib; path = ImageCellOfMine.xib; sourceTree = "<group>"; };
		D64F38171D3B830A00686849 /* ImageCellOfFriends.h */ = {isa = PBXFileReference; fileEncoding = 4; lastKnownFileType = sourcecode.c.h; path = ImageCellOfFriends.h; sourceTree = "<group>"; };
		D64F38181D3B830A00686849 /* ImageCellOfFriends.m */ = {isa = PBXFileReference; fileEncoding = 4; lastKnownFileType = sourcecode.c.objc; path = ImageCellOfFriends.m; sourceTree = "<group>"; };
		D64F38191D3B830A00686849 /* ImageCellOfFriends.xib */ = {isa = PBXFileReference; fileEncoding = 4; lastKnownFileType = file.xib; path = ImageCellOfFriends.xib; sourceTree = "<group>"; };
		D658047C1D39C2B2000650EA /* TextCellOfFriends.h */ = {isa = PBXFileReference; fileEncoding = 4; lastKnownFileType = sourcecode.c.h; path = TextCellOfFriends.h; sourceTree = "<group>"; };
		D658047D1D39C2B2000650EA /* TextCellOfFriends.m */ = {isa = PBXFileReference; fileEncoding = 4; lastKnownFileType = sourcecode.c.objc; path = TextCellOfFriends.m; sourceTree = "<group>"; };
		D658047E1D39C2B2000650EA /* TextCellOfFriends.xib */ = {isa = PBXFileReference; fileEncoding = 4; lastKnownFileType = file.xib; path = TextCellOfFriends.xib; sourceTree = "<group>"; };
		D65804811D39D96A000650EA /* chatFriends.png */ = {isa = PBXFileReference; lastKnownFileType = image.png; path = chatFriends.png; sourceTree = "<group>"; };
		D65804821D39D96A000650EA /* chatMine.png */ = {isa = PBXFileReference; lastKnownFileType = image.png; path = chatMine.png; sourceTree = "<group>"; };
		D65804851D3A1C2D000650EA /* customView.h */ = {isa = PBXFileReference; fileEncoding = 4; lastKnownFileType = sourcecode.c.h; path = customView.h; sourceTree = "<group>"; };
		D65804861D3A1C2D000650EA /* customView.m */ = {isa = PBXFileReference; fileEncoding = 4; lastKnownFileType = sourcecode.c.objc; path = customView.m; sourceTree = "<group>"; };
		D65804881D3A5631000650EA /* xiaoshipin.png */ = {isa = PBXFileReference; lastKnownFileType = image.png; path = xiaoshipin.png; sourceTree = "<group>"; };
		D65804891D3A5631000650EA /* weizhi.png */ = {isa = PBXFileReference; lastKnownFileType = image.png; path = weizhi.png; sourceTree = "<group>"; };
		D658048A1D3A5631000650EA /* shipin.png */ = {isa = PBXFileReference; lastKnownFileType = image.png; path = shipin.png; sourceTree = "<group>"; };
		D658048B1D3A5631000650EA /* mingpian.png */ = {isa = PBXFileReference; lastKnownFileType = image.png; path = mingpian.png; sourceTree = "<group>"; };
		D658048C1D3A5631000650EA /* shoucang.png */ = {isa = PBXFileReference; lastKnownFileType = image.png; path = shoucang.png; sourceTree = "<group>"; };
		D658048D1D3A5631000650EA /* zhuanzhang.png */ = {isa = PBXFileReference; lastKnownFileType = image.png; path = zhuanzhang.png; sourceTree = "<group>"; };
		D658048E1D3A5631000650EA /* tupian.png */ = {isa = PBXFileReference; lastKnownFileType = image.png; path = tupian.png; sourceTree = "<group>"; };
		D65804961D3A5C89000650EA /* luyin.png */ = {isa = PBXFileReference; lastKnownFileType = image.png; path = luyin.png; sourceTree = "<group>"; };
		D65804981D3A5D3F000650EA /* CustomCollectionViewCell.h */ = {isa = PBXFileReference; fileEncoding = 4; lastKnownFileType = sourcecode.c.h; path = CustomCollectionViewCell.h; sourceTree = "<group>"; };
		D65804991D3A5D3F000650EA /* CustomCollectionViewCell.m */ = {isa = PBXFileReference; fileEncoding = 4; lastKnownFileType = sourcecode.c.objc; path = CustomCollectionViewCell.m; sourceTree = "<group>"; };
		D658049A1D3A5D3F000650EA /* CustomCollectionViewCell.xib */ = {isa = PBXFileReference; fileEncoding = 4; lastKnownFileType = file.xib; path = CustomCollectionViewCell.xib; sourceTree = "<group>"; };
		D68CFF291D37418400DA832F /* LoginViewController.h */ = {isa = PBXFileReference; fileEncoding = 4; lastKnownFileType = sourcecode.c.h; path = LoginViewController.h; sourceTree = "<group>"; };
		D68CFF2A1D37418400DA832F /* LoginViewController.m */ = {isa = PBXFileReference; fileEncoding = 4; lastKnownFileType = sourcecode.c.objc; path = LoginViewController.m; sourceTree = "<group>"; };
		D68CFF2C1D37419600DA832F /* Mine.storyboard */ = {isa = PBXFileReference; fileEncoding = 4; lastKnownFileType = file.storyboard; name = Mine.storyboard; path = "SlowlyCartoon/Classes/Mine(个人中心)/Controller/Mine.storyboard"; sourceTree = SOURCE_ROOT; };
		D68CFF2E1D3773B200DA832F /* passBg.png */ = {isa = PBXFileReference; lastKnownFileType = image.png; path = passBg.png; sourceTree = "<group>"; };
		D68CFF2F1D3773B200DA832F /* userBg.png */ = {isa = PBXFileReference; lastKnownFileType = image.png; path = userBg.png; sourceTree = "<group>"; };
		D68CFF321D3779BB00DA832F /* userDefault.png */ = {isa = PBXFileReference; lastKnownFileType = image.png; path = userDefault.png; sourceTree = "<group>"; };
		D68CFF341D377B9700DA832F /* SettingViewController.h */ = {isa = PBXFileReference; fileEncoding = 4; lastKnownFileType = sourcecode.c.h; path = SettingViewController.h; sourceTree = "<group>"; };
		D68CFF351D377B9700DA832F /* SettingViewController.m */ = {isa = PBXFileReference; fileEncoding = 4; lastKnownFileType = sourcecode.c.objc; path = SettingViewController.m; sourceTree = "<group>"; };
		D68CFF371D3781AC00DA832F /* ContactViewController.h */ = {isa = PBXFileReference; fileEncoding = 4; lastKnownFileType = sourcecode.c.h; path = ContactViewController.h; sourceTree = "<group>"; };
		D68CFF381D3781AC00DA832F /* ContactViewController.m */ = {isa = PBXFileReference; fileEncoding = 4; lastKnownFileType = sourcecode.c.objc; path = ContactViewController.m; sourceTree = "<group>"; };
		D68CFF3A1D37866700DA832F /* AboutUsViewController.h */ = {isa = PBXFileReference; fileEncoding = 4; lastKnownFileType = sourcecode.c.h; path = AboutUsViewController.h; sourceTree = "<group>"; };
		D68CFF3B1D37866700DA832F /* AboutUsViewController.m */ = {isa = PBXFileReference; fileEncoding = 4; lastKnownFileType = sourcecode.c.objc; path = AboutUsViewController.m; sourceTree = "<group>"; };
		D68CFF3D1D37956100DA832F /* MineTableViewCell.h */ = {isa = PBXFileReference; fileEncoding = 4; lastKnownFileType = sourcecode.c.h; name = MineTableViewCell.h; path = "SlowlyCartoon/Classes/Mine(个人中心)/Controller/MineTableViewCell.h"; sourceTree = SOURCE_ROOT; };
		D68CFF3E1D37956100DA832F /* MineTableViewCell.m */ = {isa = PBXFileReference; fileEncoding = 4; lastKnownFileType = sourcecode.c.objc; name = MineTableViewCell.m; path = "SlowlyCartoon/Classes/Mine(个人中心)/Controller/MineTableViewCell.m"; sourceTree = SOURCE_ROOT; };
		D68CFF3F1D37956100DA832F /* MineTableViewCell.xib */ = {isa = PBXFileReference; fileEncoding = 4; lastKnownFileType = file.xib; name = MineTableViewCell.xib; path = "SlowlyCartoon/Classes/Mine(个人中心)/Controller/MineTableViewCell.xib"; sourceTree = SOURCE_ROOT; };
		D68CFF421D37970C00DA832F /* aboutUs.png */ = {isa = PBXFileReference; lastKnownFileType = image.png; path = aboutUs.png; sourceTree = "<group>"; };
		D68CFF431D37970C00DA832F /* contact.png */ = {isa = PBXFileReference; lastKnownFileType = image.png; path = contact.png; sourceTree = "<group>"; };
		D68CFF441D37970C00DA832F /* mineMessage.png */ = {isa = PBXFileReference; lastKnownFileType = image.png; path = mineMessage.png; sourceTree = "<group>"; };
		D68CFF451D37970C00DA832F /* opinion.png */ = {isa = PBXFileReference; lastKnownFileType = image.png; path = opinion.png; sourceTree = "<group>"; };
		D68CFF461D37970C00DA832F /* setting.png */ = {isa = PBXFileReference; lastKnownFileType = image.png; path = setting.png; sourceTree = "<group>"; };
		D68CFF4C1D379BC100DA832F /* jiantou.png */ = {isa = PBXFileReference; lastKnownFileType = image.png; path = jiantou.png; sourceTree = "<group>"; };
		D68CFF4E1D37AAFF00DA832F /* MineHeaderViewCell.h */ = {isa = PBXFileReference; fileEncoding = 4; lastKnownFileType = sourcecode.c.h; name = MineHeaderViewCell.h; path = "SlowlyCartoon/Classes/Mine(个人中心)/Controller/MineHeaderViewCell.h"; sourceTree = SOURCE_ROOT; };
		D68CFF4F1D37AAFF00DA832F /* MineHeaderViewCell.m */ = {isa = PBXFileReference; fileEncoding = 4; lastKnownFileType = sourcecode.c.objc; name = MineHeaderViewCell.m; path = "SlowlyCartoon/Classes/Mine(个人中心)/Controller/MineHeaderViewCell.m"; sourceTree = SOURCE_ROOT; };
		D68CFF501D37AAFF00DA832F /* MineHeaderViewCell.xib */ = {isa = PBXFileReference; fileEncoding = 4; lastKnownFileType = file.xib; name = MineHeaderViewCell.xib; path = "SlowlyCartoon/Classes/Mine(个人中心)/Controller/MineHeaderViewCell.xib"; sourceTree = SOURCE_ROOT; };
		D68CFF531D37AD6000DA832F /* avator.png */ = {isa = PBXFileReference; lastKnownFileType = image.png; path = avator.png; sourceTree = "<group>"; };
		D691F59A1D366B1E004359E1 /* SlowlyCartoon.app */ = {isa = PBXFileReference; explicitFileType = wrapper.application; includeInIndex = 0; path = SlowlyCartoon.app; sourceTree = BUILT_PRODUCTS_DIR; };
		D691F59E1D366B1E004359E1 /* main.m */ = {isa = PBXFileReference; lastKnownFileType = sourcecode.c.objc; name = main.m; path = ../main.m; sourceTree = "<group>"; };
		D691F5A01D366B1E004359E1 /* AppDelegate.h */ = {isa = PBXFileReference; lastKnownFileType = sourcecode.c.h; name = AppDelegate.h; path = ../AppDelegate.h; sourceTree = "<group>"; };
		D691F5A11D366B1E004359E1 /* AppDelegate.m */ = {isa = PBXFileReference; lastKnownFileType = sourcecode.c.objc; name = AppDelegate.m; path = ../AppDelegate.m; sourceTree = "<group>"; };
		D691F5A91D366B1E004359E1 /* Assets.xcassets */ = {isa = PBXFileReference; lastKnownFileType = folder.assetcatalog; name = Assets.xcassets; path = ../Assets.xcassets; sourceTree = "<group>"; };
		D691F5AE1D366B1E004359E1 /* Info.plist */ = {isa = PBXFileReference; lastKnownFileType = text.plist.xml; path = Info.plist; sourceTree = "<group>"; };
		D691F5B31D366B1E004359E1 /* SlowlyCartoonTests.xctest */ = {isa = PBXFileReference; explicitFileType = wrapper.cfbundle; includeInIndex = 0; path = SlowlyCartoonTests.xctest; sourceTree = BUILT_PRODUCTS_DIR; };
		D691F5B71D366B1E004359E1 /* SlowlyCartoonTests.m */ = {isa = PBXFileReference; lastKnownFileType = sourcecode.c.objc; path = SlowlyCartoonTests.m; sourceTree = "<group>"; };
		D691F5B91D366B1E004359E1 /* Info.plist */ = {isa = PBXFileReference; lastKnownFileType = text.plist.xml; path = Info.plist; sourceTree = "<group>"; };
		D691F5DA1D366DAC004359E1 /* RootViewController.h */ = {isa = PBXFileReference; fileEncoding = 4; lastKnownFileType = sourcecode.c.h; path = RootViewController.h; sourceTree = "<group>"; };
		D691F5DB1D366DAC004359E1 /* RootViewController.m */ = {isa = PBXFileReference; fileEncoding = 4; lastKnownFileType = sourcecode.c.objc; path = RootViewController.m; sourceTree = "<group>"; };
		D691F5ED1D366FAA004359E1 /* HomeViewController.h */ = {isa = PBXFileReference; fileEncoding = 4; lastKnownFileType = sourcecode.c.h; path = HomeViewController.h; sourceTree = "<group>"; };
		D691F5EE1D366FAA004359E1 /* HomeViewController.m */ = {isa = PBXFileReference; fileEncoding = 4; lastKnownFileType = sourcecode.c.objc; path = HomeViewController.m; sourceTree = "<group>"; };
		D691F5F01D366FB6004359E1 /* FriendViewController.h */ = {isa = PBXFileReference; fileEncoding = 4; lastKnownFileType = sourcecode.c.h; path = FriendViewController.h; sourceTree = "<group>"; };
		D691F5F11D366FB6004359E1 /* FriendViewController.m */ = {isa = PBXFileReference; fileEncoding = 4; lastKnownFileType = sourcecode.c.objc; path = FriendViewController.m; sourceTree = "<group>"; };
		D691F5F31D366FD9004359E1 /* CommunityViewController.h */ = {isa = PBXFileReference; fileEncoding = 4; lastKnownFileType = sourcecode.c.h; path = CommunityViewController.h; sourceTree = "<group>"; };
		D691F5F41D366FD9004359E1 /* CommunityViewController.m */ = {isa = PBXFileReference; fileEncoding = 4; lastKnownFileType = sourcecode.c.objc; path = CommunityViewController.m; sourceTree = "<group>"; };
		D691F5F61D366FF9004359E1 /* MineViewController.h */ = {isa = PBXFileReference; fileEncoding = 4; lastKnownFileType = sourcecode.c.h; path = MineViewController.h; sourceTree = "<group>"; };
		D691F5F71D366FF9004359E1 /* MineViewController.m */ = {isa = PBXFileReference; fileEncoding = 4; lastKnownFileType = sourcecode.c.objc; path = MineViewController.m; sourceTree = "<group>"; };
		D691F5F91D3670DF004359E1 /* Contants.h */ = {isa = PBXFileReference; lastKnownFileType = sourcecode.c.h; path = Contants.h; sourceTree = "<group>"; };
		D691F5FA1D3670F0004359E1 /* PrefixHeader.pch */ = {isa = PBXFileReference; lastKnownFileType = sourcecode.c.h; path = PrefixHeader.pch; sourceTree = "<group>"; };
		D6A449BC1D37242A0096830F /* tabbar_game@2x.png */ = {isa = PBXFileReference; lastKnownFileType = image.png; path = "tabbar_game@2x.png"; sourceTree = "<group>"; };
		D6A449BD1D37242A0096830F /* tabbar_game_sel@2x.png */ = {isa = PBXFileReference; lastKnownFileType = image.png; path = "tabbar_game_sel@2x.png"; sourceTree = "<group>"; };
		D6A449BE1D37242A0096830F /* tabbar_home@2x.png */ = {isa = PBXFileReference; lastKnownFileType = image.png; path = "tabbar_home@2x.png"; sourceTree = "<group>"; };
		D6A449BF1D37242A0096830F /* tabbar_home_sel@2x.png */ = {isa = PBXFileReference; lastKnownFileType = image.png; path = "tabbar_home_sel@2x.png"; sourceTree = "<group>"; };
		D6A449C01D37242A0096830F /* tabbar_me@2x.png */ = {isa = PBXFileReference; lastKnownFileType = image.png; path = "tabbar_me@2x.png"; sourceTree = "<group>"; };
		D6A449C11D37242A0096830F /* tabbar_me_sel@2x.png */ = {isa = PBXFileReference; lastKnownFileType = image.png; path = "tabbar_me_sel@2x.png"; sourceTree = "<group>"; };
		D6A449C21D37242A0096830F /* tabbar_room@2x.png */ = {isa = PBXFileReference; lastKnownFileType = image.png; path = "tabbar_room@2x.png"; sourceTree = "<group>"; };
		D6A449C31D37242A0096830F /* tabbar_room_sel@2x.png */ = {isa = PBXFileReference; lastKnownFileType = image.png; path = "tabbar_room_sel@2x.png"; sourceTree = "<group>"; };
		D6A5910E1D3724F200CE6820 /* RecommendViewController.h */ = {isa = PBXFileReference; fileEncoding = 4; lastKnownFileType = sourcecode.c.h; path = RecommendViewController.h; sourceTree = "<group>"; };
		D6A5910F1D3724F200CE6820 /* RecommendViewController.m */ = {isa = PBXFileReference; fileEncoding = 4; lastKnownFileType = sourcecode.c.objc; path = RecommendViewController.m; sourceTree = "<group>"; };
		D6A591111D37250000CE6820 /* HigtenerViewController.h */ = {isa = PBXFileReference; fileEncoding = 4; lastKnownFileType = sourcecode.c.h; path = HigtenerViewController.h; sourceTree = "<group>"; };
		D6A591121D37250100CE6820 /* HigtenerViewController.m */ = {isa = PBXFileReference; fileEncoding = 4; lastKnownFileType = sourcecode.c.objc; path = HigtenerViewController.m; sourceTree = "<group>"; };
		D6A591141D37250F00CE6820 /* RankListViewController.h */ = {isa = PBXFileReference; fileEncoding = 4; lastKnownFileType = sourcecode.c.h; path = RankListViewController.h; sourceTree = "<group>"; };
		D6A591151D37250F00CE6820 /* RankListViewController.m */ = {isa = PBXFileReference; fileEncoding = 4; lastKnownFileType = sourcecode.c.objc; path = RankListViewController.m; sourceTree = "<group>"; };
		D6A591181D3793D000CE6820 /* BaseRequest.h */ = {isa = PBXFileReference; fileEncoding = 4; lastKnownFileType = sourcecode.c.h; path = BaseRequest.h; sourceTree = "<group>"; };
		D6A591191D3793D000CE6820 /* BaseRequest.m */ = {isa = PBXFileReference; fileEncoding = 4; lastKnownFileType = sourcecode.c.objc; path = BaseRequest.m; sourceTree = "<group>"; };
		D6A5911B1D37944500CE6820 /* NetWorkRequest.h */ = {isa = PBXFileReference; fileEncoding = 4; lastKnownFileType = sourcecode.c.h; path = NetWorkRequest.h; sourceTree = "<group>"; };
		D6A5911C1D37944500CE6820 /* NetWorkRequest.m */ = {isa = PBXFileReference; fileEncoding = 4; lastKnownFileType = sourcecode.c.objc; path = NetWorkRequest.m; sourceTree = "<group>"; };
		D6A5911E1D37954000CE6820 /* RecommendRequest.h */ = {isa = PBXFileReference; fileEncoding = 4; lastKnownFileType = sourcecode.c.h; path = RecommendRequest.h; sourceTree = "<group>"; };
		D6A5911F1D37954000CE6820 /* RecommendRequest.m */ = {isa = PBXFileReference; fileEncoding = 4; lastKnownFileType = sourcecode.c.objc; path = RecommendRequest.m; sourceTree = "<group>"; };
		D6A591231D37A98300CE6820 /* firstScrollViewModel.h */ = {isa = PBXFileReference; fileEncoding = 4; lastKnownFileType = sourcecode.c.h; name = firstScrollViewModel.h; path = "SlowlyCartoon/Classes/Home(主页)/firstScrollViewModel.h"; sourceTree = SOURCE_ROOT; };
		D6A591241D37A98300CE6820 /* firstScrollViewModel.m */ = {isa = PBXFileReference; fileEncoding = 4; lastKnownFileType = sourcecode.c.objc; name = firstScrollViewModel.m; path = "SlowlyCartoon/Classes/Home(主页)/firstScrollViewModel.m"; sourceTree = SOURCE_ROOT; };
		D6A591261D37A9B400CE6820 /* oneTableViewModel.h */ = {isa = PBXFileReference; fileEncoding = 4; lastKnownFileType = sourcecode.c.h; name = oneTableViewModel.h; path = "SlowlyCartoon/Classes/Home(主页)/oneTableViewModel.h"; sourceTree = SOURCE_ROOT; };
		D6A591271D37A9B400CE6820 /* oneTableViewModel.m */ = {isa = PBXFileReference; fileEncoding = 4; lastKnownFileType = sourcecode.c.objc; name = oneTableViewModel.m; path = "SlowlyCartoon/Classes/Home(主页)/oneTableViewModel.m"; sourceTree = SOURCE_ROOT; };
		D6A591291D37A9CA00CE6820 /* itemizeScrollViewModel.h */ = {isa = PBXFileReference; fileEncoding = 4; lastKnownFileType = sourcecode.c.h; name = itemizeScrollViewModel.h; path = "SlowlyCartoon/Classes/Home(主页)/itemizeScrollViewModel.h"; sourceTree = SOURCE_ROOT; };
		D6A5912A1D37A9CA00CE6820 /* itemizeScrollViewModel.m */ = {isa = PBXFileReference; fileEncoding = 4; lastKnownFileType = sourcecode.c.objc; name = itemizeScrollViewModel.m; path = "SlowlyCartoon/Classes/Home(主页)/itemizeScrollViewModel.m"; sourceTree = SOURCE_ROOT; };
		D6A5912C1D37A9DE00CE6820 /* lastCollectionViewModel.h */ = {isa = PBXFileReference; fileEncoding = 4; lastKnownFileType = sourcecode.c.h; name = lastCollectionViewModel.h; path = "SlowlyCartoon/Classes/Home(主页)/lastCollectionViewModel.h"; sourceTree = SOURCE_ROOT; };
		D6A5912D1D37A9DE00CE6820 /* lastCollectionViewModel.m */ = {isa = PBXFileReference; fileEncoding = 4; lastKnownFileType = sourcecode.c.objc; name = lastCollectionViewModel.m; path = "SlowlyCartoon/Classes/Home(主页)/lastCollectionViewModel.m"; sourceTree = SOURCE_ROOT; };
/* End PBXFileReference section */

/* Begin PBXFrameworksBuildPhase section */
		D691F5971D366B1E004359E1 /* Frameworks */ = {
			isa = PBXFrameworksBuildPhase;
			buildActionMask = 2147483647;
			files = (
				5590FAA876DF7B208BEBF227 /* libPods-SlowlyCartoon.a in Frameworks */,
			);
			runOnlyForDeploymentPostprocessing = 0;
		};
		D691F5B01D366B1E004359E1 /* Frameworks */ = {
			isa = PBXFrameworksBuildPhase;
			buildActionMask = 2147483647;
			files = (
			);
			runOnlyForDeploymentPostprocessing = 0;
		};
/* End PBXFrameworksBuildPhase section */

/* Begin PBXGroup section */
		2F7B05A59BA7F3A21B9602A9 /* Pods */ = {
			isa = PBXGroup;
			children = (
				95A19F71A08A3775341A08C7 /* Pods-SlowlyCartoon.debug.xcconfig */,
				32EDB3DEBD10205B15F75EDD /* Pods-SlowlyCartoon.release.xcconfig */,
			);
			name = Pods;
			sourceTree = "<group>";
		};
		B95C0CE4880B2E6D2B45D548 /* Frameworks */ = {
			isa = PBXGroup;
			children = (
				8CDD0D703CB6689FBA111C7C /* libPods-SlowlyCartoon.a */,
			);
			name = Frameworks;
			sourceTree = "<group>";
		};
		D6217E121D38D39A00CB6130 /* Model */ = {
			isa = PBXGroup;
			children = (
				D6217E161D38E6A200CB6130 /* SingleFriendManager.h */,
				D6217E171D38E6A200CB6130 /* SingleFriendManager.m */,
			);
			path = Model;
			sourceTree = "<group>";
		};
		D6217E191D38E72400CB6130 /* View */ = {
			isa = PBXGroup;
			children = (
				D6217E1A1D38E77000CB6130 /* Friends.storyboard */,
				D6217E2F1D39215600CB6130 /* TextCellOfMine.h */,
				D6217E301D39215600CB6130 /* TextCellOfMine.m */,
				D6217E311D39215600CB6130 /* TextCellOfMine.xib */,
				D658047C1D39C2B2000650EA /* TextCellOfFriends.h */,
				D658047D1D39C2B2000650EA /* TextCellOfFriends.m */,
				D658047E1D39C2B2000650EA /* TextCellOfFriends.xib */,
				D64F38121D3B80D500686849 /* ImageCellOfMine.h */,
				D64F38131D3B80D500686849 /* ImageCellOfMine.m */,
				D64F38141D3B80D500686849 /* ImageCellOfMine.xib */,
				D64F38171D3B830A00686849 /* ImageCellOfFriends.h */,
				D64F38181D3B830A00686849 /* ImageCellOfFriends.m */,
				D64F38191D3B830A00686849 /* ImageCellOfFriends.xib */,
				D65804851D3A1C2D000650EA /* customView.h */,
				D65804861D3A1C2D000650EA /* customView.m */,
				D65804981D3A5D3F000650EA /* CustomCollectionViewCell.h */,
				D65804991D3A5D3F000650EA /* CustomCollectionViewCell.m */,
				D658049A1D3A5D3F000650EA /* CustomCollectionViewCell.xib */,
			);
			path = View;
			sourceTree = "<group>";
		};
		D6217E1F1D38F1F300CB6130 /* Images */ = {
			isa = PBXGroup;
			children = (
				D65804961D3A5C89000650EA /* luyin.png */,
				D65804881D3A5631000650EA /* xiaoshipin.png */,
				D65804891D3A5631000650EA /* weizhi.png */,
				D658048A1D3A5631000650EA /* shipin.png */,
				D658048B1D3A5631000650EA /* mingpian.png */,
				D658048C1D3A5631000650EA /* shoucang.png */,
				D658048D1D3A5631000650EA /* zhuanzhang.png */,
				D658048E1D3A5631000650EA /* tupian.png */,
				D6217E201D38F23B00CB6130 /* biaoqing.png */,
				D6217E211D38F23B00CB6130 /* tianjia.png */,
				D6217E221D38F23B00CB6130 /* yuyin2.png */,
				D6217E2A1D38FC8300CB6130 /* beijing.jpg */,
				D6217E281D38FBA000CB6130 /* beijing2.jpg */,
				D65804811D39D96A000650EA /* chatFriends.png */,
				D65804821D39D96A000650EA /* chatMine.png */,
			);
			name = Images;
			sourceTree = "<group>";
		};
		D691F5911D366B1E004359E1 = {
			isa = PBXGroup;
			children = (
				D6A449BB1D37242A0096830F /* Images */,
				D691F59C1D366B1E004359E1 /* SlowlyCartoon */,
				D691F5B61D366B1E004359E1 /* SlowlyCartoonTests */,
				D691F59B1D366B1E004359E1 /* Products */,
				2F7B05A59BA7F3A21B9602A9 /* Pods */,
				B95C0CE4880B2E6D2B45D548 /* Frameworks */,
			);
			sourceTree = "<group>";
		};
		D691F59B1D366B1E004359E1 /* Products */ = {
			isa = PBXGroup;
			children = (
				D691F59A1D366B1E004359E1 /* SlowlyCartoon.app */,
				D691F5B31D366B1E004359E1 /* SlowlyCartoonTests.xctest */,
			);
			name = Products;
			sourceTree = "<group>";
		};
		D691F59C1D366B1E004359E1 /* SlowlyCartoon */ = {
			isa = PBXGroup;
			children = (
				D691F5C21D366C94004359E1 /* Classes */,
				D691F5D91D366D2C004359E1 /* Main(主要) */,
				D691F5D81D366CDB004359E1 /* Resources(资源) */,
				D691F5D71D366CD5004359E1 /* Other(其他) */,
				D691F59D1D366B1E004359E1 /* Supporting Files */,
			);
			path = SlowlyCartoon;
			sourceTree = "<group>";
		};
		D691F59D1D366B1E004359E1 /* Supporting Files */ = {
			isa = PBXGroup;
			children = (
				D691F5AE1D366B1E004359E1 /* Info.plist */,
				D691F5F91D3670DF004359E1 /* Contants.h */,
				D691F5FA1D3670F0004359E1 /* PrefixHeader.pch */,
			);
			name = "Supporting Files";
			sourceTree = "<group>";
		};
		D691F5B61D366B1E004359E1 /* SlowlyCartoonTests */ = {
			isa = PBXGroup;
			children = (
				D691F5B71D366B1E004359E1 /* SlowlyCartoonTests.m */,
				D691F5B91D366B1E004359E1 /* Info.plist */,
			);
			path = SlowlyCartoonTests;
			sourceTree = "<group>";
		};
		D691F5C21D366C94004359E1 /* Classes */ = {
			isa = PBXGroup;
			children = (
				D691F5C31D366C94004359E1 /* BaseClasses */,
				D691F5C71D366C94004359E1 /* Community(社区) */,
				D691F5CB1D366C94004359E1 /* Friend(好友) */,
				D691F5CF1D366C94004359E1 /* Home(主页) */,
				D691F5D31D366C94004359E1 /* Mine(个人中心) */,
			);
			path = Classes;
			sourceTree = "<group>";
		};
		D691F5C31D366C94004359E1 /* BaseClasses */ = {
			isa = PBXGroup;
			children = (
				D691F5C41D366C94004359E1 /* Controller */,
				D691F5C51D366C94004359E1 /* Model */,
				D691F5C61D366C94004359E1 /* View */,
			);
			path = BaseClasses;
			sourceTree = "<group>";
		};
		D691F5C41D366C94004359E1 /* Controller */ = {
			isa = PBXGroup;
			children = (
			);
			path = Controller;
			sourceTree = "<group>";
		};
		D691F5C51D366C94004359E1 /* Model */ = {
			isa = PBXGroup;
			children = (
			);
			path = Model;
			sourceTree = "<group>";
		};
		D691F5C61D366C94004359E1 /* View */ = {
			isa = PBXGroup;
			children = (
			);
			path = View;
			sourceTree = "<group>";
		};
		D691F5C71D366C94004359E1 /* Community(社区) */ = {
			isa = PBXGroup;
			children = (
				D691F5C81D366C94004359E1 /* Controller */,
				D691F5C91D366C94004359E1 /* Model */,
				D691F5CA1D366C94004359E1 /* View */,
			);
			path = "Community(社区)";
			sourceTree = "<group>";
		};
		D691F5C81D366C94004359E1 /* Controller */ = {
			isa = PBXGroup;
			children = (
				D691F5F31D366FD9004359E1 /* CommunityViewController.h */,
				D691F5F41D366FD9004359E1 /* CommunityViewController.m */,
			);
			path = Controller;
			sourceTree = "<group>";
		};
		D691F5C91D366C94004359E1 /* Model */ = {
			isa = PBXGroup;
			children = (
			);
			path = Model;
			sourceTree = "<group>";
		};
		D691F5CA1D366C94004359E1 /* View */ = {
			isa = PBXGroup;
			children = (
			);
			path = View;
			sourceTree = "<group>";
		};
		D691F5CB1D366C94004359E1 /* Friend(好友) */ = {
			isa = PBXGroup;
			children = (
				D6217E1F1D38F1F300CB6130 /* Images */,
				D691F5CC1D366C94004359E1 /* Controller */,
				D6217E121D38D39A00CB6130 /* Model */,
				D6217E191D38E72400CB6130 /* View */,
			);
			path = "Friend(好友)";
			sourceTree = "<group>";
		};
		D691F5CC1D366C94004359E1 /* Controller */ = {
			isa = PBXGroup;
			children = (
				D691F5F01D366FB6004359E1 /* FriendViewController.h */,
				D691F5F11D366FB6004359E1 /* FriendViewController.m */,
				D6217E1C1D38E80600CB6130 /* ChatViewController.h */,
				D6217E1D1D38E80600CB6130 /* ChatViewController.m */,
			);
			path = Controller;
			sourceTree = "<group>";
		};
		D691F5CF1D366C94004359E1 /* Home(主页) */ = {
			isa = PBXGroup;
			children = (
				D6A591171D37936400CE6820 /* Request */,
				D691F5D01D366C94004359E1 /* Controller */,
				D691F5D11D366C94004359E1 /* Model */,
				D691F5D21D366C94004359E1 /* View */,
			);
			path = "Home(主页)";
			sourceTree = "<group>";
		};
		D691F5D01D366C94004359E1 /* Controller */ = {
			isa = PBXGroup;
			children = (
				D691F5ED1D366FAA004359E1 /* HomeViewController.h */,
				D691F5EE1D366FAA004359E1 /* HomeViewController.m */,
				D6A5910E1D3724F200CE6820 /* RecommendViewController.h */,
				D6A5910F1D3724F200CE6820 /* RecommendViewController.m */,
				D6A591111D37250000CE6820 /* HigtenerViewController.h */,
				D6A591121D37250100CE6820 /* HigtenerViewController.m */,
				D6A591141D37250F00CE6820 /* RankListViewController.h */,
				D6A591151D37250F00CE6820 /* RankListViewController.m */,
			);
			path = Controller;
			sourceTree = "<group>";
		};
		D691F5D11D366C94004359E1 /* Model */ = {
			isa = PBXGroup;
			children = (
				D6A591231D37A98300CE6820 /* firstScrollViewModel.h */,
				D6A591241D37A98300CE6820 /* firstScrollViewModel.m */,
				D6A591261D37A9B400CE6820 /* oneTableViewModel.h */,
				D6A591271D37A9B400CE6820 /* oneTableViewModel.m */,
				D6A591291D37A9CA00CE6820 /* itemizeScrollViewModel.h */,
				D6A5912A1D37A9CA00CE6820 /* itemizeScrollViewModel.m */,
				D6A5912C1D37A9DE00CE6820 /* lastCollectionViewModel.h */,
				D6A5912D1D37A9DE00CE6820 /* lastCollectionViewModel.m */,
			);
			path = Model;
			sourceTree = "<group>";
		};
		D691F5D21D366C94004359E1 /* View */ = {
			isa = PBXGroup;
			children = (
				D627E6921D38D18F00D36EDB /* OneTableViewCell.h */,
				D627E6931D38D18F00D36EDB /* OneTableViewCell.m */,
				D627E6941D38D18F00D36EDB /* OneTableViewCell.xib */,
				D627E6971D390BDF00D36EDB /* LastCollectionViewCell.h */,
				D627E6981D390BDF00D36EDB /* LastCollectionViewCell.m */,
				D627E6991D390BDF00D36EDB /* LastCollectionViewCell.xib */,
			);
			path = View;
			sourceTree = "<group>";
		};
		D691F5D31D366C94004359E1 /* Mine(个人中心) */ = {
			isa = PBXGroup;
			children = (
				D691F5D41D366C94004359E1 /* Controller */,
				D691F5D51D366C94004359E1 /* Model */,
				D691F5D61D366C94004359E1 /* View */,
			);
			path = "Mine(个人中心)";
			sourceTree = "<group>";
		};
		D691F5D41D366C94004359E1 /* Controller */ = {
			isa = PBXGroup;
			children = (
				D691F5F61D366FF9004359E1 /* MineViewController.h */,
				D691F5F71D366FF9004359E1 /* MineViewController.m */,
				D6284A531D3931A100232F2D /* MIneDetailViewController.h */,
				D6284A541D3931A100232F2D /* MIneDetailViewController.m */,
				D68CFF291D37418400DA832F /* LoginViewController.h */,
				D68CFF2A1D37418400DA832F /* LoginViewController.m */,
				D6284A351D3876A400232F2D /* RegisterViewController.h */,
				D6284A361D3876A400232F2D /* RegisterViewController.m */,
				D68CFF341D377B9700DA832F /* SettingViewController.h */,
				D68CFF351D377B9700DA832F /* SettingViewController.m */,
				D68CFF371D3781AC00DA832F /* ContactViewController.h */,
				D68CFF381D3781AC00DA832F /* ContactViewController.m */,
				D68CFF3A1D37866700DA832F /* AboutUsViewController.h */,
				D68CFF3B1D37866700DA832F /* AboutUsViewController.m */,
				D6284A4D1D3927CE00232F2D /* MineMessageViewController.h */,
				D6284A4E1D3927CE00232F2D /* MineMessageViewController.m */,
				D6284A501D392AE900232F2D /* OpinionViewController.h */,
				D6284A511D392AE900232F2D /* OpinionViewController.m */,
				D63A16601D39DB7800C30EFE /* WebViewController.h */,
				D63A16611D39DB7800C30EFE /* WebViewController.m */,
			);
			path = Controller;
			sourceTree = "<group>";
		};
		D691F5D51D366C94004359E1 /* Model */ = {
			isa = PBXGroup;
			children = (
			);
			path = Model;
			sourceTree = "<group>";
		};
		D691F5D61D366C94004359E1 /* View */ = {
			isa = PBXGroup;
			children = (
				D68CFF2C1D37419600DA832F /* Mine.storyboard */,
				D68CFF3D1D37956100DA832F /* MineTableViewCell.h */,
				D68CFF3E1D37956100DA832F /* MineTableViewCell.m */,
				D68CFF3F1D37956100DA832F /* MineTableViewCell.xib */,
				D68CFF4E1D37AAFF00DA832F /* MineHeaderViewCell.h */,
				D68CFF4F1D37AAFF00DA832F /* MineHeaderViewCell.m */,
				D68CFF501D37AAFF00DA832F /* MineHeaderViewCell.xib */,
				D6284A3E1D38D6BF00232F2D /* MineSettingTableViewCell.h */,
				D6284A3F1D38D6BF00232F2D /* MineSettingTableViewCell.m */,
				D6284A401D38D6BF00232F2D /* MineSettingTableViewCell.xib */,
				D6284A431D3919FC00232F2D /* AboutUsTableViewCell.h */,
				D6284A441D3919FC00232F2D /* AboutUsTableViewCell.m */,
				D6284A451D3919FC00232F2D /* AboutUsTableViewCell.xib */,
			);
			path = View;
			sourceTree = "<group>";
		};
		D691F5D71D366CD5004359E1 /* Other(其他) */ = {
			isa = PBXGroup;
			children = (
			);
			path = "Other(其他)";
			sourceTree = "<group>";
		};
		D691F5D81D366CDB004359E1 /* Resources(资源) */ = {
			isa = PBXGroup;
			children = (
				D691F5A91D366B1E004359E1 /* Assets.xcassets */,
			);
			path = "Resources(资源)";
			sourceTree = "<group>";
		};
		D691F5D91D366D2C004359E1 /* Main(主要) */ = {
			isa = PBXGroup;
			children = (
				D691F5A01D366B1E004359E1 /* AppDelegate.h */,
				D691F5DA1D366DAC004359E1 /* RootViewController.h */,
				D691F5DB1D366DAC004359E1 /* RootViewController.m */,
				D691F5A11D366B1E004359E1 /* AppDelegate.m */,
				D691F59E1D366B1E004359E1 /* main.m */,
			);
			path = "Main(主要)";
			sourceTree = "<group>";
		};
		D6A449BB1D37242A0096830F /* Images */ = {
			isa = PBXGroup;
			children = (
				D68CFF4C1D379BC100DA832F /* jiantou.png */,
				D68CFF421D37970C00DA832F /* aboutUs.png */,
				D68CFF431D37970C00DA832F /* contact.png */,
				D68CFF531D37AD6000DA832F /* avator.png */,
				D68CFF441D37970C00DA832F /* mineMessage.png */,
				D68CFF451D37970C00DA832F /* opinion.png */,
				D68CFF461D37970C00DA832F /* setting.png */,
				D68CFF321D3779BB00DA832F /* userDefault.png */,
				D68CFF2E1D3773B200DA832F /* passBg.png */,
				D68CFF2F1D3773B200DA832F /* userBg.png */,
				D6A449BC1D37242A0096830F /* tabbar_game@2x.png */,
				D6A449BD1D37242A0096830F /* tabbar_game_sel@2x.png */,
				D6A449BE1D37242A0096830F /* tabbar_home@2x.png */,
				D6A449BF1D37242A0096830F /* tabbar_home_sel@2x.png */,
				D6A449C01D37242A0096830F /* tabbar_me@2x.png */,
				D6A449C11D37242A0096830F /* tabbar_me_sel@2x.png */,
				D6A449C21D37242A0096830F /* tabbar_room@2x.png */,
				D6A449C31D37242A0096830F /* tabbar_room_sel@2x.png */,
			);
			path = Images;
			sourceTree = "<group>";
		};
		D6A591171D37936400CE6820 /* Request */ = {
			isa = PBXGroup;
			children = (
				D6A591181D3793D000CE6820 /* BaseRequest.h */,
				D6A591191D3793D000CE6820 /* BaseRequest.m */,
				D6A5911B1D37944500CE6820 /* NetWorkRequest.h */,
				D6A5911C1D37944500CE6820 /* NetWorkRequest.m */,
				D6A5911E1D37954000CE6820 /* RecommendRequest.h */,
				D6A5911F1D37954000CE6820 /* RecommendRequest.m */,
			);
			name = Request;
			sourceTree = "<group>";
		};
/* End PBXGroup section */

/* Begin PBXNativeTarget section */
		D691F5991D366B1E004359E1 /* SlowlyCartoon */ = {
			isa = PBXNativeTarget;
			buildConfigurationList = D691F5BC1D366B1E004359E1 /* Build configuration list for PBXNativeTarget "SlowlyCartoon" */;
			buildPhases = (
				D2CD862FF39371845B7A2B43 /* [CP] Check Pods Manifest.lock */,
				D691F5961D366B1E004359E1 /* Sources */,
				D691F5971D366B1E004359E1 /* Frameworks */,
				D691F5981D366B1E004359E1 /* Resources */,
				E94EA09D0D54933F9F6FF469 /* [CP] Embed Pods Frameworks */,
				2E50CE65111A519DA421FB4D /* [CP] Copy Pods Resources */,
			);
			buildRules = (
			);
			dependencies = (
			);
			name = SlowlyCartoon;
			productName = SlowlyCartoon;
			productReference = D691F59A1D366B1E004359E1 /* SlowlyCartoon.app */;
			productType = "com.apple.product-type.application";
		};
		D691F5B21D366B1E004359E1 /* SlowlyCartoonTests */ = {
			isa = PBXNativeTarget;
			buildConfigurationList = D691F5BF1D366B1E004359E1 /* Build configuration list for PBXNativeTarget "SlowlyCartoonTests" */;
			buildPhases = (
				D691F5AF1D366B1E004359E1 /* Sources */,
				D691F5B01D366B1E004359E1 /* Frameworks */,
				D691F5B11D366B1E004359E1 /* Resources */,
			);
			buildRules = (
			);
			dependencies = (
				D691F5B51D366B1E004359E1 /* PBXTargetDependency */,
			);
			name = SlowlyCartoonTests;
			productName = SlowlyCartoonTests;
			productReference = D691F5B31D366B1E004359E1 /* SlowlyCartoonTests.xctest */;
			productType = "com.apple.product-type.bundle.unit-test";
		};
/* End PBXNativeTarget section */

/* Begin PBXProject section */
		D691F5921D366B1E004359E1 /* Project object */ = {
			isa = PBXProject;
			attributes = {
				LastUpgradeCheck = 0720;
				ORGANIZATIONNAME = "Slowly Pangpang";
				TargetAttributes = {
					D691F5991D366B1E004359E1 = {
						CreatedOnToolsVersion = 7.2;
					};
					D691F5B21D366B1E004359E1 = {
						CreatedOnToolsVersion = 7.2;
						TestTargetID = D691F5991D366B1E004359E1;
					};
				};
			};
			buildConfigurationList = D691F5951D366B1E004359E1 /* Build configuration list for PBXProject "SlowlyCartoon" */;
			compatibilityVersion = "Xcode 3.2";
			developmentRegion = English;
			hasScannedForEncodings = 0;
			knownRegions = (
				en,
				Base,
			);
			mainGroup = D691F5911D366B1E004359E1;
			productRefGroup = D691F59B1D366B1E004359E1 /* Products */;
			projectDirPath = "";
			projectRoot = "";
			targets = (
				D691F5991D366B1E004359E1 /* SlowlyCartoon */,
				D691F5B21D366B1E004359E1 /* SlowlyCartoonTests */,
			);
		};
/* End PBXProject section */

/* Begin PBXResourcesBuildPhase section */
		D691F5981D366B1E004359E1 /* Resources */ = {
			isa = PBXResourcesBuildPhase;
			buildActionMask = 2147483647;
			files = (
				D6A449C41D37242A0096830F /* tabbar_game@2x.png in Resources */,
				D65804971D3A5C89000650EA /* luyin.png in Resources */,
				D6217E231D38F23B00CB6130 /* biaoqing.png in Resources */,
				D6217E331D39215600CB6130 /* TextCellOfMine.xib in Resources */,
				D68CFF301D3773B200DA832F /* passBg.png in Resources */,
				D68CFF4A1D37970C00DA832F /* opinion.png in Resources */,
				D658049C1D3A5D3F000650EA /* CustomCollectionViewCell.xib in Resources */,
				D68CFF411D37956100DA832F /* MineTableViewCell.xib in Resources */,
				D6A449C71D37242A0096830F /* tabbar_home_sel@2x.png in Resources */,
				D68CFF491D37970C00DA832F /* mineMessage.png in Resources */,
				D65804951D3A5631000650EA /* tupian.png in Resources */,
				D65804831D39D96A000650EA /* chatFriends.png in Resources */,
				D65804931D3A5631000650EA /* shoucang.png in Resources */,
				D65804911D3A5631000650EA /* shipin.png in Resources */,
				D627E69B1D390BDF00D36EDB /* LastCollectionViewCell.xib in Resources */,
				D6A449C81D37242A0096830F /* tabbar_me@2x.png in Resources */,
				D68CFF471D37970C00DA832F /* aboutUs.png in Resources */,
				D6217E241D38F23B00CB6130 /* tianjia.png in Resources */,
				D6284A421D38D6BF00232F2D /* MineSettingTableViewCell.xib in Resources */,
				D68CFF331D3779BB00DA832F /* userDefault.png in Resources */,
				D627E6961D38D18F00D36EDB /* OneTableViewCell.xib in Resources */,
				D6217E251D38F23B00CB6130 /* yuyin2.png in Resources */,
				D6A449C91D37242A0096830F /* tabbar_me_sel@2x.png in Resources */,
				D6217E291D38FBA000CB6130 /* beijing2.jpg in Resources */,
				D68CFF311D3773B200DA832F /* userBg.png in Resources */,
				D691F5AA1D366B1E004359E1 /* Assets.xcassets in Resources */,
				D68CFF4D1D379BC100DA832F /* jiantou.png in Resources */,
				D68CFF481D37970C00DA832F /* contact.png in Resources */,
				D6217E2B1D38FC8300CB6130 /* beijing.jpg in Resources */,
				D6A449C51D37242A0096830F /* tabbar_game_sel@2x.png in Resources */,
				D68CFF4B1D37970C00DA832F /* setting.png in Resources */,
				D65804841D39D96A000650EA /* chatMine.png in Resources */,
				D65804901D3A5631000650EA /* weizhi.png in Resources */,
				D68CFF541D37AD6000DA832F /* avator.png in Resources */,
				D658048F1D3A5631000650EA /* xiaoshipin.png in Resources */,
				D6A449C61D37242A0096830F /* tabbar_home@2x.png in Resources */,
				D65804941D3A5631000650EA /* zhuanzhang.png in Resources */,
				D64F381B1D3B830A00686849 /* ImageCellOfFriends.xib in Resources */,
				D65804801D39C2B2000650EA /* TextCellOfFriends.xib in Resources */,
				D68CFF521D37AAFF00DA832F /* MineHeaderViewCell.xib in Resources */,
				D68CFF2D1D37419600DA832F /* Mine.storyboard in Resources */,
				D6A449CA1D37242A0096830F /* tabbar_room@2x.png in Resources */,
				D6A449CB1D37242A0096830F /* tabbar_room_sel@2x.png in Resources */,
				D6217E1B1D38E77000CB6130 /* Friends.storyboard in Resources */,
				D64F38161D3B80D500686849 /* ImageCellOfMine.xib in Resources */,
				D65804921D3A5631000650EA /* mingpian.png in Resources */,
				D6284A471D3919FC00232F2D /* AboutUsTableViewCell.xib in Resources */,
			);
			runOnlyForDeploymentPostprocessing = 0;
		};
		D691F5B11D366B1E004359E1 /* Resources */ = {
			isa = PBXResourcesBuildPhase;
			buildActionMask = 2147483647;
			files = (
			);
			runOnlyForDeploymentPostprocessing = 0;
		};
/* End PBXResourcesBuildPhase section */

/* Begin PBXShellScriptBuildPhase section */
		2E50CE65111A519DA421FB4D /* [CP] Copy Pods Resources */ = {
			isa = PBXShellScriptBuildPhase;
			buildActionMask = 2147483647;
			files = (
			);
			inputPaths = (
			);
			name = "[CP] Copy Pods Resources";
			outputPaths = (
			);
			runOnlyForDeploymentPostprocessing = 0;
			shellPath = /bin/sh;
			shellScript = "\"${SRCROOT}/Pods/Target Support Files/Pods-SlowlyCartoon/Pods-SlowlyCartoon-resources.sh\"\n";
			showEnvVarsInLog = 0;
		};
		D2CD862FF39371845B7A2B43 /* [CP] Check Pods Manifest.lock */ = {
			isa = PBXShellScriptBuildPhase;
			buildActionMask = 2147483647;
			files = (
			);
			inputPaths = (
			);
			name = "[CP] Check Pods Manifest.lock";
			outputPaths = (
			);
			runOnlyForDeploymentPostprocessing = 0;
			shellPath = /bin/sh;
			shellScript = "diff \"${PODS_ROOT}/../Podfile.lock\" \"${PODS_ROOT}/Manifest.lock\" > /dev/null\nif [[ $? != 0 ]] ; then\n    cat << EOM\nerror: The sandbox is not in sync with the Podfile.lock. Run 'pod install' or update your CocoaPods installation.\nEOM\n    exit 1\nfi\n";
			showEnvVarsInLog = 0;
		};
		E94EA09D0D54933F9F6FF469 /* [CP] Embed Pods Frameworks */ = {
			isa = PBXShellScriptBuildPhase;
			buildActionMask = 2147483647;
			files = (
			);
			inputPaths = (
			);
			name = "[CP] Embed Pods Frameworks";
			outputPaths = (
			);
			runOnlyForDeploymentPostprocessing = 0;
			shellPath = /bin/sh;
			shellScript = "\"${SRCROOT}/Pods/Target Support Files/Pods-SlowlyCartoon/Pods-SlowlyCartoon-frameworks.sh\"\n";
			showEnvVarsInLog = 0;
		};
/* End PBXShellScriptBuildPhase section */

/* Begin PBXSourcesBuildPhase section */
		D691F5961D366B1E004359E1 /* Sources */ = {
			isa = PBXSourcesBuildPhase;
			buildActionMask = 2147483647;
			files = (
				D6217E1E1D38E80600CB6130 /* ChatViewController.m in Sources */,
				D6217E181D38E6A200CB6130 /* SingleFriendManager.m in Sources */,
				D68CFF2B1D37418400DA832F /* LoginViewController.m in Sources */,
				D6284A551D3931A100232F2D /* MIneDetailViewController.m in Sources */,
				D658049B1D3A5D3F000650EA /* CustomCollectionViewCell.m in Sources */,
				D691F5F51D366FD9004359E1 /* CommunityViewController.m in Sources */,
				D691F5F81D366FF9004359E1 /* MineViewController.m in Sources */,
				D691F5A21D366B1E004359E1 /* AppDelegate.m in Sources */,
				D691F59F1D366B1E004359E1 /* main.m in Sources */,
				D68CFF391D3781AC00DA832F /* ContactViewController.m in Sources */,
				D64F381A1D3B830A00686849 /* ImageCellOfFriends.m in Sources */,
				D68CFF361D377B9700DA832F /* SettingViewController.m in Sources */,
				D6284A371D3876A400232F2D /* RegisterViewController.m in Sources */,
				D68CFF3C1D37866700DA832F /* AboutUsViewController.m in Sources */,
				D68CFF511D37AAFF00DA832F /* MineHeaderViewCell.m in Sources */,
				D63A16621D39DB7800C30EFE /* WebViewController.m in Sources */,
				D6A591131D37250100CE6820 /* HigtenerViewController.m in Sources */,
				D627E6951D38D18F00D36EDB /* OneTableViewCell.m in Sources */,
				D6217E321D39215600CB6130 /* TextCellOfMine.m in Sources */,
				D6A5912B1D37A9CA00CE6820 /* itemizeScrollViewModel.m in Sources */,
				D691F5DC1D366DAC004359E1 /* RootViewController.m in Sources */,
				D6284A521D392AE900232F2D /* OpinionViewController.m in Sources */,
				D658047F1D39C2B2000650EA /* TextCellOfFriends.m in Sources */,
				D6A591251D37A98300CE6820 /* firstScrollViewModel.m in Sources */,
				D6A591161D37250F00CE6820 /* RankListViewController.m in Sources */,
				D6A591101D3724F200CE6820 /* RecommendViewController.m in Sources */,
				D6A591281D37A9B400CE6820 /* oneTableViewModel.m in Sources */,
				D6284A461D3919FC00232F2D /* AboutUsTableViewCell.m in Sources */,
				D691F5F21D366FB6004359E1 /* FriendViewController.m in Sources */,
				D68CFF401D37956100DA832F /* MineTableViewCell.m in Sources */,
				D691F5EF1D366FAA004359E1 /* HomeViewController.m in Sources */,
				D6284A411D38D6BF00232F2D /* MineSettingTableViewCell.m in Sources */,
				D6A5911D1D37944500CE6820 /* NetWorkRequest.m in Sources */,
				D64F38151D3B80D500686849 /* ImageCellOfMine.m in Sources */,
				D6A5911A1D3793D000CE6820 /* BaseRequest.m in Sources */,
				D6A591201D37954000CE6820 /* RecommendRequest.m in Sources */,
				D65804871D3A1C2D000650EA /* customView.m in Sources */,
				D6A5912E1D37A9DE00CE6820 /* lastCollectionViewModel.m in Sources */,
				D627E69A1D390BDF00D36EDB /* LastCollectionViewCell.m in Sources */,
				D6284A4F1D3927CE00232F2D /* MineMessageViewController.m in Sources */,
			);
			runOnlyForDeploymentPostprocessing = 0;
		};
		D691F5AF1D366B1E004359E1 /* Sources */ = {
			isa = PBXSourcesBuildPhase;
			buildActionMask = 2147483647;
			files = (
				D691F5B81D366B1E004359E1 /* SlowlyCartoonTests.m in Sources */,
			);
			runOnlyForDeploymentPostprocessing = 0;
		};
/* End PBXSourcesBuildPhase section */

/* Begin PBXTargetDependency section */
		D691F5B51D366B1E004359E1 /* PBXTargetDependency */ = {
			isa = PBXTargetDependency;
			target = D691F5991D366B1E004359E1 /* SlowlyCartoon */;
			targetProxy = D691F5B41D366B1E004359E1 /* PBXContainerItemProxy */;
		};
/* End PBXTargetDependency section */

/* Begin XCBuildConfiguration section */
		D691F5BA1D366B1E004359E1 /* Debug */ = {
			isa = XCBuildConfiguration;
			buildSettings = {
				ALWAYS_SEARCH_USER_PATHS = NO;
				CLANG_CXX_LANGUAGE_STANDARD = "gnu++0x";
				CLANG_CXX_LIBRARY = "libc++";
				CLANG_ENABLE_MODULES = YES;
				CLANG_ENABLE_OBJC_ARC = YES;
				CLANG_WARN_BOOL_CONVERSION = YES;
				CLANG_WARN_CONSTANT_CONVERSION = YES;
				CLANG_WARN_DIRECT_OBJC_ISA_USAGE = YES_ERROR;
				CLANG_WARN_EMPTY_BODY = YES;
				CLANG_WARN_ENUM_CONVERSION = YES;
				CLANG_WARN_INT_CONVERSION = YES;
				CLANG_WARN_OBJC_ROOT_CLASS = YES_ERROR;
				CLANG_WARN_UNREACHABLE_CODE = YES;
				CLANG_WARN__DUPLICATE_METHOD_MATCH = YES;
				"CODE_SIGN_IDENTITY[sdk=iphoneos*]" = "iPhone Developer";
				COPY_PHASE_STRIP = NO;
				DEBUG_INFORMATION_FORMAT = dwarf;
				ENABLE_STRICT_OBJC_MSGSEND = YES;
				ENABLE_TESTABILITY = YES;
				GCC_C_LANGUAGE_STANDARD = gnu99;
				GCC_DYNAMIC_NO_PIC = NO;
				GCC_NO_COMMON_BLOCKS = YES;
				GCC_OPTIMIZATION_LEVEL = 0;
				GCC_PREPROCESSOR_DEFINITIONS = (
					"DEBUG=1",
					"$(inherited)",
				);
				GCC_WARN_64_TO_32_BIT_CONVERSION = YES;
				GCC_WARN_ABOUT_RETURN_TYPE = YES_ERROR;
				GCC_WARN_UNDECLARED_SELECTOR = YES;
				GCC_WARN_UNINITIALIZED_AUTOS = YES_AGGRESSIVE;
				GCC_WARN_UNUSED_FUNCTION = YES;
				GCC_WARN_UNUSED_VARIABLE = YES;
				IPHONEOS_DEPLOYMENT_TARGET = 9.2;
				MTL_ENABLE_DEBUG_INFO = YES;
				ONLY_ACTIVE_ARCH = YES;
				SDKROOT = iphoneos;
			};
			name = Debug;
		};
		D691F5BB1D366B1E004359E1 /* Release */ = {
			isa = XCBuildConfiguration;
			buildSettings = {
				ALWAYS_SEARCH_USER_PATHS = NO;
				CLANG_CXX_LANGUAGE_STANDARD = "gnu++0x";
				CLANG_CXX_LIBRARY = "libc++";
				CLANG_ENABLE_MODULES = YES;
				CLANG_ENABLE_OBJC_ARC = YES;
				CLANG_WARN_BOOL_CONVERSION = YES;
				CLANG_WARN_CONSTANT_CONVERSION = YES;
				CLANG_WARN_DIRECT_OBJC_ISA_USAGE = YES_ERROR;
				CLANG_WARN_EMPTY_BODY = YES;
				CLANG_WARN_ENUM_CONVERSION = YES;
				CLANG_WARN_INT_CONVERSION = YES;
				CLANG_WARN_OBJC_ROOT_CLASS = YES_ERROR;
				CLANG_WARN_UNREACHABLE_CODE = YES;
				CLANG_WARN__DUPLICATE_METHOD_MATCH = YES;
				"CODE_SIGN_IDENTITY[sdk=iphoneos*]" = "iPhone Developer";
				COPY_PHASE_STRIP = NO;
				DEBUG_INFORMATION_FORMAT = "dwarf-with-dsym";
				ENABLE_NS_ASSERTIONS = NO;
				ENABLE_STRICT_OBJC_MSGSEND = YES;
				GCC_C_LANGUAGE_STANDARD = gnu99;
				GCC_NO_COMMON_BLOCKS = YES;
				GCC_WARN_64_TO_32_BIT_CONVERSION = YES;
				GCC_WARN_ABOUT_RETURN_TYPE = YES_ERROR;
				GCC_WARN_UNDECLARED_SELECTOR = YES;
				GCC_WARN_UNINITIALIZED_AUTOS = YES_AGGRESSIVE;
				GCC_WARN_UNUSED_FUNCTION = YES;
				GCC_WARN_UNUSED_VARIABLE = YES;
				IPHONEOS_DEPLOYMENT_TARGET = 9.2;
				MTL_ENABLE_DEBUG_INFO = NO;
				SDKROOT = iphoneos;
				VALIDATE_PRODUCT = YES;
			};
			name = Release;
		};
		D691F5BD1D366B1E004359E1 /* Debug */ = {
			isa = XCBuildConfiguration;
			baseConfigurationReference = 95A19F71A08A3775341A08C7 /* Pods-SlowlyCartoon.debug.xcconfig */;
			buildSettings = {
				ASSETCATALOG_COMPILER_APPICON_NAME = AppIcon;
				GCC_PREFIX_HEADER = "$(SRCROOT)/SlowlyCartoon/PrefixHeader.pch";
				INFOPLIST_FILE = SlowlyCartoon/Info.plist;
				LD_RUNPATH_SEARCH_PATHS = "$(inherited) @executable_path/Frameworks";
				PRODUCT_BUNDLE_IDENTIFIER = SCO.SlowlyCartoon;
				PRODUCT_NAME = "$(TARGET_NAME)";
			};
			name = Debug;
		};
		D691F5BE1D366B1E004359E1 /* Release */ = {
			isa = XCBuildConfiguration;
			baseConfigurationReference = 32EDB3DEBD10205B15F75EDD /* Pods-SlowlyCartoon.release.xcconfig */;
			buildSettings = {
				ASSETCATALOG_COMPILER_APPICON_NAME = AppIcon;
				GCC_PREFIX_HEADER = "$(SRCROOT)/SlowlyCartoon/PrefixHeader.pch";
				INFOPLIST_FILE = SlowlyCartoon/Info.plist;
				LD_RUNPATH_SEARCH_PATHS = "$(inherited) @executable_path/Frameworks";
				PRODUCT_BUNDLE_IDENTIFIER = SCO.SlowlyCartoon;
				PRODUCT_NAME = "$(TARGET_NAME)";
			};
			name = Release;
		};
		D691F5C01D366B1E004359E1 /* Debug */ = {
			isa = XCBuildConfiguration;
			buildSettings = {
				BUNDLE_LOADER = "$(TEST_HOST)";
				INFOPLIST_FILE = SlowlyCartoonTests/Info.plist;
				LD_RUNPATH_SEARCH_PATHS = "$(inherited) @executable_path/Frameworks @loader_path/Frameworks";
				PRODUCT_BUNDLE_IDENTIFIER = SCO.SlowlyCartoonTests;
				PRODUCT_NAME = "$(TARGET_NAME)";
				TEST_HOST = "$(BUILT_PRODUCTS_DIR)/SlowlyCartoon.app/SlowlyCartoon";
			};
			name = Debug;
		};
		D691F5C11D366B1E004359E1 /* Release */ = {
			isa = XCBuildConfiguration;
			buildSettings = {
				BUNDLE_LOADER = "$(TEST_HOST)";
				INFOPLIST_FILE = SlowlyCartoonTests/Info.plist;
				LD_RUNPATH_SEARCH_PATHS = "$(inherited) @executable_path/Frameworks @loader_path/Frameworks";
				PRODUCT_BUNDLE_IDENTIFIER = SCO.SlowlyCartoonTests;
				PRODUCT_NAME = "$(TARGET_NAME)";
				TEST_HOST = "$(BUILT_PRODUCTS_DIR)/SlowlyCartoon.app/SlowlyCartoon";
			};
			name = Release;
		};
/* End XCBuildConfiguration section */

/* Begin XCConfigurationList section */
		D691F5951D366B1E004359E1 /* Build configuration list for PBXProject "SlowlyCartoon" */ = {
			isa = XCConfigurationList;
			buildConfigurations = (
				D691F5BA1D366B1E004359E1 /* Debug */,
				D691F5BB1D366B1E004359E1 /* Release */,
			);
			defaultConfigurationIsVisible = 0;
			defaultConfigurationName = Release;
		};
		D691F5BC1D366B1E004359E1 /* Build configuration list for PBXNativeTarget "SlowlyCartoon" */ = {
			isa = XCConfigurationList;
			buildConfigurations = (
				D691F5BD1D366B1E004359E1 /* Debug */,
				D691F5BE1D366B1E004359E1 /* Release */,
			);
			defaultConfigurationIsVisible = 0;
			defaultConfigurationName = Release;
		};
		D691F5BF1D366B1E004359E1 /* Build configuration list for PBXNativeTarget "SlowlyCartoonTests" */ = {
			isa = XCConfigurationList;
			buildConfigurations = (
				D691F5C01D366B1E004359E1 /* Debug */,
				D691F5C11D366B1E004359E1 /* Release */,
			);
			defaultConfigurationIsVisible = 0;
			defaultConfigurationName = Release;
		};
/* End XCConfigurationList section */
	};
	rootObject = D691F5921D366B1E004359E1 /* Project object */;
}
